
Microsoft Visual Studio Solution File, Format Version 12.00
# Visual Studio Version 16
VisualStudioVersion = 16.0.31019.35
MinimumVisualStudioVersion = 10.0.40219.1
Project("{9A19103F-16F7-4668-BE54-9A1E7A4F7556}") = "dotnet-template", "dotnet-template.csproj", "{C303DACA-114F-4119-A96A-D8DCBD4BCB34}"
EndProject
Global
	GlobalSection(SolutionConfigurationPlatforms) = preSolution
		Debug|Any CPU = Debug|Any CPU
		Release|Any CPU = Release|Any CPU
	EndGlobalSection
	GlobalSection(ProjectConfigurationPlatforms) = postSolution
		{C303DACA-114F-4119-A96A-D8DCBD4BCB34}.Debug|Any CPU.ActiveCfg = Debug|Any CPU
		{C303DACA-114F-4119-A96A-D8DCBD4BCB34}.Debug|Any CPU.Build.0 = Debug|Any CPU
		{C303DACA-114F-4119-A96A-D8DCBD4BCB34}.Release|Any CPU.ActiveCfg = Release|Any CPU
		{C303DACA-114F-4119-A96A-D8DCBD4BCB34}.Release|Any CPU.Build.0 = Release|Any CPU
	EndGlobalSection
	GlobalSection(SolutionProperties) = preSolution
		HideSolutionNode = FALSE
	EndGlobalSection
	GlobalSection(ExtensibilityGlobals) = postSolution
		SolutionGuid = {06255B7D-EEF6-4C1A-9F79-997283C58C2C}
	EndGlobalSection
EndGlobal
